{
    "name": "slick-slider",
    "version": "1.8.2",
    "lockfileVersion": 2,
    "requires": true,
    "packages": {
        "": {
            "name": "slick-slider",
            "version": "1.8.2",
            "license": "ISC",
            "dependencies": {
                "slick-slider": "file:"
            }
        },
        "node_modules/slick-slider": {
            "resolved": "",
            "link": true
        }
    },
    "dependencies": {
        "slick-slider": {
            "version": "file:",
            "requires": {
                "slick-slider": "file:"
            }
        }
    }
}
